
Microsoft Visual Studio Solution File, Format Version 12.00
# Visual Studio 2013
VisualStudioVersion = 12.0.21005.1
MinimumVisualStudioVersion = 10.0.40219.1
Project("{FAE04EC0-301F-11D3-BF4B-00C04F79EFBC}") = "Bridge", "Bridge\Bridge.csproj", "{9CAA3780-0DA3-4D7F-A521-68BE3CB8F65A}"
EndProject
Project("{FAE04EC0-301F-11D3-BF4B-00C04F79EFBC}") = "Cartographer", "Cartographer\Cartographer.csproj", "{A135982E-6752-4952-AF6D-C3FE1A79CA73}"
EndProject
Project("{FAE04EC0-301F-11D3-BF4B-00C04F79EFBC}") = "Itinerary Creator", "Itinerary Creator\Itinerary Creator.csproj", "{C767408A-FDC7-47DE-8ECB-7E1171D82DDA}"
EndProject
Project("{FAE04EC0-301F-11D3-BF4B-00C04F79EFBC}") = "DataTypes", "DataTypes\DataTypes.csproj", "{FF378CD6-C1B8-4C5E-9544-A4AC26DBBC34}"
EndProject
Project("{6141683F-8A12-4E36-9623-2EB02B2C2303}") = "Installer", "Installer\Installer.isproj", "{2F8174D4-5D15-4C03-A158-99054BB16A70}"
	ProjectSection(ProjectDependencies) = postProject
		{9CAA3780-0DA3-4D7F-A521-68BE3CB8F65A} = {9CAA3780-0DA3-4D7F-A521-68BE3CB8F65A}
	EndProjectSection
EndProject
Global
	GlobalSection(SolutionConfigurationPlatforms) = preSolution
		CD_ROM|Any CPU = CD_ROM|Any CPU
		Debug|Any CPU = Debug|Any CPU
		DVD-5|Any CPU = DVD-5|Any CPU
		Release|Any CPU = Release|Any CPU
		SingleImage|Any CPU = SingleImage|Any CPU
	EndGlobalSection
	GlobalSection(ProjectConfigurationPlatforms) = postSolution
		{9CAA3780-0DA3-4D7F-A521-68BE3CB8F65A}.CD_ROM|Any CPU.ActiveCfg = Release|Any CPU
		{9CAA3780-0DA3-4D7F-A521-68BE3CB8F65A}.CD_ROM|Any CPU.Build.0 = Release|Any CPU
		{9CAA3780-0DA3-4D7F-A521-68BE3CB8F65A}.Debug|Any CPU.ActiveCfg = Debug|Any CPU
		{9CAA3780-0DA3-4D7F-A521-68BE3CB8F65A}.Debug|Any CPU.Build.0 = Debug|Any CPU
		{9CAA3780-0DA3-4D7F-A521-68BE3CB8F65A}.DVD-5|Any CPU.ActiveCfg = Debug|Any CPU
		{9CAA3780-0DA3-4D7F-A521-68BE3CB8F65A}.DVD-5|Any CPU.Build.0 = Debug|Any CPU
		{9CAA3780-0DA3-4D7F-A521-68BE3CB8F65A}.Release|Any CPU.ActiveCfg = Release|Any CPU
		{9CAA3780-0DA3-4D7F-A521-68BE3CB8F65A}.Release|Any CPU.Build.0 = Release|Any CPU
		{9CAA3780-0DA3-4D7F-A521-68BE3CB8F65A}.SingleImage|Any CPU.ActiveCfg = Release|Any CPU
		{9CAA3780-0DA3-4D7F-A521-68BE3CB8F65A}.SingleImage|Any CPU.Build.0 = Release|Any CPU
		{A135982E-6752-4952-AF6D-C3FE1A79CA73}.CD_ROM|Any CPU.ActiveCfg = Release|Any CPU
		{A135982E-6752-4952-AF6D-C3FE1A79CA73}.CD_ROM|Any CPU.Build.0 = Release|Any CPU
		{A135982E-6752-4952-AF6D-C3FE1A79CA73}.Debug|Any CPU.ActiveCfg = Debug|Any CPU
		{A135982E-6752-4952-AF6D-C3FE1A79CA73}.Debug|Any CPU.Build.0 = Debug|Any CPU
		{A135982E-6752-4952-AF6D-C3FE1A79CA73}.DVD-5|Any CPU.ActiveCfg = Debug|Any CPU
		{A135982E-6752-4952-AF6D-C3FE1A79CA73}.DVD-5|Any CPU.Build.0 = Debug|Any CPU
		{A135982E-6752-4952-AF6D-C3FE1A79CA73}.Release|Any CPU.ActiveCfg = Release|Any CPU
		{A135982E-6752-4952-AF6D-C3FE1A79CA73}.Release|Any CPU.Build.0 = Release|Any CPU
		{A135982E-6752-4952-AF6D-C3FE1A79CA73}.SingleImage|Any CPU.ActiveCfg = Release|Any CPU
		{A135982E-6752-4952-AF6D-C3FE1A79CA73}.SingleImage|Any CPU.Build.0 = Release|Any CPU
		{C767408A-FDC7-47DE-8ECB-7E1171D82DDA}.CD_ROM|Any CPU.ActiveCfg = Release|Any CPU
		{C767408A-FDC7-47DE-8ECB-7E1171D82DDA}.CD_ROM|Any CPU.Build.0 = Release|Any CPU
		{C767408A-FDC7-47DE-8ECB-7E1171D82DDA}.Debug|Any CPU.ActiveCfg = Debug|Any CPU
		{C767408A-FDC7-47DE-8ECB-7E1171D82DDA}.Debug|Any CPU.Build.0 = Debug|Any CPU
		{C767408A-FDC7-47DE-8ECB-7E1171D82DDA}.DVD-5|Any CPU.ActiveCfg = Debug|Any CPU
		{C767408A-FDC7-47DE-8ECB-7E1171D82DDA}.DVD-5|Any CPU.Build.0 = Debug|Any CPU
		{C767408A-FDC7-47DE-8ECB-7E1171D82DDA}.Release|Any CPU.ActiveCfg = Release|Any CPU
		{C767408A-FDC7-47DE-8ECB-7E1171D82DDA}.Release|Any CPU.Build.0 = Release|Any CPU
		{C767408A-FDC7-47DE-8ECB-7E1171D82DDA}.SingleImage|Any CPU.ActiveCfg = Release|Any CPU
		{C767408A-FDC7-47DE-8ECB-7E1171D82DDA}.SingleImage|Any CPU.Build.0 = Release|Any CPU
		{FF378CD6-C1B8-4C5E-9544-A4AC26DBBC34}.CD_ROM|Any CPU.ActiveCfg = Release|Any CPU
		{FF378CD6-C1B8-4C5E-9544-A4AC26DBBC34}.CD_ROM|Any CPU.Build.0 = Release|Any CPU
		{FF378CD6-C1B8-4C5E-9544-A4AC26DBBC34}.Debug|Any CPU.ActiveCfg = Debug|Any CPU
		{FF378CD6-C1B8-4C5E-9544-A4AC26DBBC34}.Debug|Any CPU.Build.0 = Debug|Any CPU
		{FF378CD6-C1B8-4C5E-9544-A4AC26DBBC34}.DVD-5|Any CPU.ActiveCfg = Debug|Any CPU
		{FF378CD6-C1B8-4C5E-9544-A4AC26DBBC34}.DVD-5|Any CPU.Build.0 = Debug|Any CPU
		{FF378CD6-C1B8-4C5E-9544-A4AC26DBBC34}.Release|Any CPU.ActiveCfg = Release|Any CPU
		{FF378CD6-C1B8-4C5E-9544-A4AC26DBBC34}.Release|Any CPU.Build.0 = Release|Any CPU
		{FF378CD6-C1B8-4C5E-9544-A4AC26DBBC34}.SingleImage|Any CPU.ActiveCfg = Release|Any CPU
		{FF378CD6-C1B8-4C5E-9544-A4AC26DBBC34}.SingleImage|Any CPU.Build.0 = Release|Any CPU
		{2F8174D4-5D15-4C03-A158-99054BB16A70}.CD_ROM|Any CPU.ActiveCfg = CD_ROM
		{2F8174D4-5D15-4C03-A158-99054BB16A70}.CD_ROM|Any CPU.Build.0 = CD_ROM
		{2F8174D4-5D15-4C03-A158-99054BB16A70}.Debug|Any CPU.ActiveCfg = DVD-5
		{2F8174D4-5D15-4C03-A158-99054BB16A70}.Debug|Any CPU.Build.0 = DVD-5
		{2F8174D4-5D15-4C03-A158-99054BB16A70}.DVD-5|Any CPU.ActiveCfg = DVD-5
		{2F8174D4-5D15-4C03-A158-99054BB16A70}.DVD-5|Any CPU.Build.0 = DVD-5
		{2F8174D4-5D15-4C03-A158-99054BB16A70}.Release|Any CPU.ActiveCfg = SingleImage
		{2F8174D4-5D15-4C03-A158-99054BB16A70}.Release|Any CPU.Build.0 = SingleImage
		{2F8174D4-5D15-4C03-A158-99054BB16A70}.SingleImage|Any CPU.ActiveCfg = SingleImage
		{2F8174D4-5D15-4C03-A158-99054BB16A70}.SingleImage|Any CPU.Build.0 = SingleImage
	EndGlobalSection
	GlobalSection(SolutionProperties) = preSolution
		HideSolutionNode = FALSE
	EndGlobalSection
EndGlobal
